{
  "requires": true,
  "lockfileVersion": 1,
  "dependencies": {
    "gopherjs-libra": {
      "version": "0.1.3",
      "resolved": "https://registry.npmjs.org/gopherjs-libra/-/gopherjs-libra-0.1.3.tgz",
      "integrity": "sha512-ldYLbLjT3yYE1fj8tqi3rIRO6BcHKH4bU6mWp229HzHdfcDFU0bEGHX7T9fhMseqw87lC3H3Me+/nsjqxidLmg=="
    }
  }
}
