{
  "requires": true,
  "lockfileVersion": 1,
  "dependencies": {
    "gopherjs-libra": {
      "version": "0.1.6",
      "resolved": "https://registry.npmjs.org/gopherjs-libra/-/gopherjs-libra-0.1.6.tgz",
      "integrity": "sha512-DCbH++hP8TGV28u4m/zikWNWi2Cf+z4VjzdbPmq4myzLWVYsxIIjLiyLPNcZSFKtay7Gx1rc+EDZziT6volR7Q=="
    }
  }
}
