{
  "requires": true,
  "lockfileVersion": 1,
  "dependencies": {
    "gopherjs-libra": {
      "version": "0.1.1",
      "resolved": "https://registry.npmjs.org/gopherjs-libra/-/gopherjs-libra-0.1.1.tgz",
      "integrity": "sha512-bPvB0ki92GjQndiv98sadahMlHzckEuNePOS6EkCUqRM2MLcEWf/GfcqfteNCzmKz2R63qy4GfePo4Y4OQCGiw=="
    }
  }
}
